
Microsoft Visual Studio Solution File, Format Version 12.00
# Visual Studio Version 16
VisualStudioVersion = 16.0.32901.82
MinimumVisualStudioVersion = 10.0.40219.1
Project("{9A19103F-16F7-4668-BE54-9A1E7A4F7556}") = "application", "application\application.csproj", "{42024FBC-4C02-4A65-AECF-49354EEC22C0}"
EndProject
Project("{FAE04EC0-301F-11D3-BF4B-00C04F79EFBC}") = "Client", "Client\Client.csproj", "{AEA37BB3-6A51-48BE-8793-983223A02B09}"
EndProject
Global
	GlobalSection(SolutionConfigurationPlatforms) = preSolution
		Debug|Any CPU = Debug|Any CPU
		Release|Any CPU = Release|Any CPU
	EndGlobalSection
	GlobalSection(ProjectConfigurationPlatforms) = postSolution
		{42024FBC-4C02-4A65-AECF-49354EEC22C0}.Debug|Any CPU.ActiveCfg = Debug|Any CPU
		{42024FBC-4C02-4A65-AECF-49354EEC22C0}.Debug|Any CPU.Build.0 = Debug|Any CPU
		{42024FBC-4C02-4A65-AECF-49354EEC22C0}.Release|Any CPU.ActiveCfg = Release|Any CPU
		{42024FBC-4C02-4A65-AECF-49354EEC22C0}.Release|Any CPU.Build.0 = Release|Any CPU
		{AEA37BB3-6A51-48BE-8793-983223A02B09}.Debug|Any CPU.ActiveCfg = Debug|Any CPU
		{AEA37BB3-6A51-48BE-8793-983223A02B09}.Debug|Any CPU.Build.0 = Debug|Any CPU
		{AEA37BB3-6A51-48BE-8793-983223A02B09}.Release|Any CPU.ActiveCfg = Release|Any CPU
		{AEA37BB3-6A51-48BE-8793-983223A02B09}.Release|Any CPU.Build.0 = Release|Any CPU
	EndGlobalSection
	GlobalSection(SolutionProperties) = preSolution
		HideSolutionNode = FALSE
	EndGlobalSection
	GlobalSection(ExtensibilityGlobals) = postSolution
		SolutionGuid = {D7C2C573-DB7D-471B-AA29-7D78ED07DD58}
	EndGlobalSection
EndGlobal
