
Microsoft Visual Studio Solution File, Format Version 12.00
# Visual Studio Version 16
VisualStudioVersion = 16.0.31321.278
MinimumVisualStudioVersion = 10.0.40219.1
Project("{FAE04EC0-301F-11D3-BF4B-00C04F79EFBC}") = "InformationSecurity", "InformationSecurity\InformationSecurity.csproj", "{B645AEE0-7894-497E-BBEE-8A4F7BDFCE99}"
EndProject
Global
	GlobalSection(SolutionConfigurationPlatforms) = preSolution
		Debug|Any CPU = Debug|Any CPU
		Release|Any CPU = Release|Any CPU
	EndGlobalSection
	GlobalSection(ProjectConfigurationPlatforms) = postSolution
		{B645AEE0-7894-497E-BBEE-8A4F7BDFCE99}.Debug|Any CPU.ActiveCfg = Debug|Any CPU
		{B645AEE0-7894-497E-BBEE-8A4F7BDFCE99}.Debug|Any CPU.Build.0 = Debug|Any CPU
		{B645AEE0-7894-497E-BBEE-8A4F7BDFCE99}.Release|Any CPU.ActiveCfg = Release|Any CPU
		{B645AEE0-7894-497E-BBEE-8A4F7BDFCE99}.Release|Any CPU.Build.0 = Release|Any CPU
	EndGlobalSection
	GlobalSection(SolutionProperties) = preSolution
		HideSolutionNode = FALSE
	EndGlobalSection
	GlobalSection(ExtensibilityGlobals) = postSolution
		SolutionGuid = {CD63B3E1-483D-4748-ACC7-1817CD114173}
	EndGlobalSection
EndGlobal
