
Microsoft Visual Studio Solution File, Format Version 12.00
# Visual Studio Version 16
VisualStudioVersion = 16.0.32901.82
MinimumVisualStudioVersion = 10.0.40219.1
Project("{FAE04EC0-301F-11D3-BF4B-00C04F79EFBC}") = "Hosting", "Hosting\Hosting.csproj", "{E2D220A3-B6BF-4A3B-94F1-53D4FF9C054D}"
EndProject
Project("{FAE04EC0-301F-11D3-BF4B-00C04F79EFBC}") = "MyService", "MyService\MyService.csproj", "{A09D2C3E-5205-4A91-853E-C02E5ACD9F06}"
EndProject
Project("{FAE04EC0-301F-11D3-BF4B-00C04F79EFBC}") = "ClientFIle", "Client\ClientFIle.csproj", "{DA55D14E-297F-4C1A-B972-956925A04845}"
EndProject
Project("{FAE04EC0-301F-11D3-BF4B-00C04F79EFBC}") = "ClientMusic", "ClientMusic\ClientMusic.csproj", "{DB06FBD9-2D08-4539-934F-0683A7EC2A36}"
EndProject
Project("{FAE04EC0-301F-11D3-BF4B-00C04F79EFBC}") = "ClientGame", "ClientGame\ClientGame.csproj", "{0EEB7C48-23FE-4D8D-A058-02201EADEBE0}"
EndProject
Global
	GlobalSection(SolutionConfigurationPlatforms) = preSolution
		Debug|Any CPU = Debug|Any CPU
		Release|Any CPU = Release|Any CPU
	EndGlobalSection
	GlobalSection(ProjectConfigurationPlatforms) = postSolution
		{E2D220A3-B6BF-4A3B-94F1-53D4FF9C054D}.Debug|Any CPU.ActiveCfg = Debug|Any CPU
		{E2D220A3-B6BF-4A3B-94F1-53D4FF9C054D}.Debug|Any CPU.Build.0 = Debug|Any CPU
		{E2D220A3-B6BF-4A3B-94F1-53D4FF9C054D}.Release|Any CPU.ActiveCfg = Release|Any CPU
		{E2D220A3-B6BF-4A3B-94F1-53D4FF9C054D}.Release|Any CPU.Build.0 = Release|Any CPU
		{A09D2C3E-5205-4A91-853E-C02E5ACD9F06}.Debug|Any CPU.ActiveCfg = Debug|Any CPU
		{A09D2C3E-5205-4A91-853E-C02E5ACD9F06}.Debug|Any CPU.Build.0 = Debug|Any CPU
		{A09D2C3E-5205-4A91-853E-C02E5ACD9F06}.Release|Any CPU.ActiveCfg = Release|Any CPU
		{A09D2C3E-5205-4A91-853E-C02E5ACD9F06}.Release|Any CPU.Build.0 = Release|Any CPU
		{DA55D14E-297F-4C1A-B972-956925A04845}.Debug|Any CPU.ActiveCfg = Debug|Any CPU
		{DA55D14E-297F-4C1A-B972-956925A04845}.Debug|Any CPU.Build.0 = Debug|Any CPU
		{DA55D14E-297F-4C1A-B972-956925A04845}.Release|Any CPU.ActiveCfg = Release|Any CPU
		{DA55D14E-297F-4C1A-B972-956925A04845}.Release|Any CPU.Build.0 = Release|Any CPU
		{DB06FBD9-2D08-4539-934F-0683A7EC2A36}.Debug|Any CPU.ActiveCfg = Debug|Any CPU
		{DB06FBD9-2D08-4539-934F-0683A7EC2A36}.Debug|Any CPU.Build.0 = Debug|Any CPU
		{DB06FBD9-2D08-4539-934F-0683A7EC2A36}.Release|Any CPU.ActiveCfg = Release|Any CPU
		{DB06FBD9-2D08-4539-934F-0683A7EC2A36}.Release|Any CPU.Build.0 = Release|Any CPU
		{0EEB7C48-23FE-4D8D-A058-02201EADEBE0}.Debug|Any CPU.ActiveCfg = Debug|Any CPU
		{0EEB7C48-23FE-4D8D-A058-02201EADEBE0}.Debug|Any CPU.Build.0 = Debug|Any CPU
		{0EEB7C48-23FE-4D8D-A058-02201EADEBE0}.Release|Any CPU.ActiveCfg = Release|Any CPU
		{0EEB7C48-23FE-4D8D-A058-02201EADEBE0}.Release|Any CPU.Build.0 = Release|Any CPU
	EndGlobalSection
	GlobalSection(SolutionProperties) = preSolution
		HideSolutionNode = FALSE
	EndGlobalSection
	GlobalSection(ExtensibilityGlobals) = postSolution
		SolutionGuid = {4B0532E0-FFFB-4F4A-8529-2CCFE91EEA75}
	EndGlobalSection
EndGlobal
